{
  "version": 4,
  "terraform_version": "1.0.3",
  "serial": 26,
  "lineage": "b5757a49-ff21-9619-2e74-bb5248dcf7d2",
  "outputs": {
    "float_ips": {
      "value": {
        "10.10.10.101": "172.16.0.17",
        "10.10.10.245": "172.16.0.45",
        "10.10.10.81": "172.16.0.16"
      },
      "type": [
        "object",
        {
          "10.10.10.101": "string",
          "10.10.10.245": "string",
          "10.10.10.81": "string"
        }
      ]
    }
  },
  "resources": [
    {
      "mode": "data",
      "type": "openstack_compute_keypair_v2",
      "name": "clave",
      "provider": "provider[\"registry.terraform.io/terraform-provider-openstack/openstack\"]",
      "instances": [
        {
          "schema_version": 0,
          "attributes": {
            "fingerprint": "b4:5d:63:02:23:83:2b:c5:24:f0:df:f5:4a:b5:af:40",
            "id": "clave",
            "name": "clave",
            "public_key": "ssh-rsa AAAAB3NzaC1yc2EAAAADAQABAAABgQC854RrYqCJhbAXI6cNGAeFch/zS1YzXLcQ7eP4PIMKsgLKsZMCS8i2O1AOVsgDUPh1SWEMkNoVRP2BXMsfEOZNF0Fj0RolKMYONmnhpMMWyy9WyxW5RQE3t50ZTMUOujw7K6oWl2c92R5kyKvgq/AswUst15/9hamAKkZl4RZjMq+/E4i6DWbJrbPfZ2WJVXpN7xPeM1tfPIP093lvxSe0PhkQbPajWN17Mer8LjaLVkWriVQLaPB5o5GnO63ds0eLSE6TytCyLSgyq1WkujdLDKyGW0wbQ4/g6TWSZEStG6DOtOz1ev4iSGnrQWYdN4t4c5jdZIKTIildymJym8oEoEZofLtmWlkAE2rXI49wpe4uc9Cc0CBxFsSsNZqgUz8bllpCuYbl4C4TVFnqW+V9nM4/ZxZO/GbMivmrO5cWOrNde0UySXd1yFG6jrzyIirAI126OL98D+JfGVLLzmfs2X5wqRfSoD8n7Uy+sXhT9Ky+wNz5V1mNmDZh784trI8= tesis@tesis",
            "region": "RegionOne"
          },
          "sensitive_attributes": []
        }
      ]
    },
    {
      "mode": "data",
      "type": "openstack_networking_network_v2",
      "name": "network",
      "provider": "provider[\"registry.terraform.io/terraform-provider-openstack/openstack\"]",
      "instances": [
        {
          "schema_version": 0,
          "attributes": {
            "admin_state_up": "true",
            "all_tags": [],
            "availability_zone_hints": [],
            "description": "",
            "dns_domain": "",
            "external": true,
            "id": "16168b9c-c8cb-4d10-9ab8-43a91aaa556b",
            "matching_subnet_cidr": null,
            "mtu": 1500,
            "name": "RedExterna",
            "network_id": null,
            "region": "RegionOne",
            "shared": "false",
            "status": null,
            "tags": null,
            "tenant_id": "3bb92f9c0f8d444eac187657a3e7679c",
            "transparent_vlan": false
          },
          "sensitive_attributes": []
        }
      ]
    },
    {
      "mode": "managed",
      "type": "openstack_blockstorage_volume_v2",
      "name": "volumen",
      "provider": "provider[\"registry.terraform.io/terraform-provider-openstack/openstack\"]",
      "instances": [
        {
          "index_key": 0,
          "schema_version": 0,
          "attributes": {
            "attachment": [],
            "availability_zone": "nova",
            "consistency_group_id": null,
            "description": "",
            "id": "24d83c13-71de-44be-9b23-ac79d7ed8516",
            "image_id": null,
            "metadata": {},
            "name": "volumen-01",
            "region": "RegionOne",
            "scheduler_hints": [],
            "size": 10,
            "snapshot_id": "",
            "source_replica": null,
            "source_vol_id": "",
            "timeouts": null,
            "volume_type": "iscsi"
          },
          "sensitive_attributes": [],
          "private": "eyJlMmJmYjczMC1lY2FhLTExZTYtOGY4OC0zNDM2M2JjN2M0YzAiOnsiY3JlYXRlIjo2MDAwMDAwMDAwMDAsImRlbGV0ZSI6NjAwMDAwMDAwMDAwfX0="
        },
        {
          "index_key": 1,
          "schema_version": 0,
          "attributes": {
            "attachment": [],
            "availability_zone": "nova",
            "consistency_group_id": null,
            "description": "",
            "id": "61dfab7e-c239-45db-a53c-01636f19d649",
            "image_id": null,
            "metadata": {},
            "name": "volumen-02",
            "region": "RegionOne",
            "scheduler_hints": [],
            "size": 10,
            "snapshot_id": "",
            "source_replica": null,
            "source_vol_id": "",
            "timeouts": null,
            "volume_type": "iscsi"
          },
          "sensitive_attributes": [],
          "private": "eyJlMmJmYjczMC1lY2FhLTExZTYtOGY4OC0zNDM2M2JjN2M0YzAiOnsiY3JlYXRlIjo2MDAwMDAwMDAwMDAsImRlbGV0ZSI6NjAwMDAwMDAwMDAwfX0="
        },
        {
          "index_key": 2,
          "schema_version": 0,
          "attributes": {
            "attachment": [],
            "availability_zone": "nova",
            "consistency_group_id": null,
            "description": "",
            "id": "04437dcf-90df-4f23-8e0d-bab95d9064a4",
            "image_id": null,
            "metadata": {},
            "name": "volumen-03",
            "region": "RegionOne",
            "scheduler_hints": [],
            "size": 10,
            "snapshot_id": "",
            "source_replica": null,
            "source_vol_id": "",
            "timeouts": null,
            "volume_type": "iscsi"
          },
          "sensitive_attributes": [],
          "private": "eyJlMmJmYjczMC1lY2FhLTExZTYtOGY4OC0zNDM2M2JjN2M0YzAiOnsiY3JlYXRlIjo2MDAwMDAwMDAwMDAsImRlbGV0ZSI6NjAwMDAwMDAwMDAwfX0="
        }
      ]
    },
    {
      "mode": "managed",
      "type": "openstack_compute_floatingip_associate_v2",
      "name": "fip",
      "provider": "provider[\"registry.terraform.io/terraform-provider-openstack/openstack\"]",
      "instances": [
        {
          "index_key": 0,
          "schema_version": 0,
          "attributes": {
            "fixed_ip": "",
            "floating_ip": "172.16.0.45",
            "id": "172.16.0.45/4e2d91f9-1756-4e5c-abfb-0617f85aeab4/",
            "instance_id": "4e2d91f9-1756-4e5c-abfb-0617f85aeab4",
            "region": "RegionOne",
            "timeouts": null,
            "wait_until_associated": null
          },
          "sensitive_attributes": [],
          "private": "eyJlMmJmYjczMC1lY2FhLTExZTYtOGY4OC0zNDM2M2JjN2M0YzAiOnsiY3JlYXRlIjo2MDAwMDAwMDAwMDB9fQ==",
          "dependencies": [
            "data.openstack_compute_keypair_v2.clave",
            "openstack_compute_instance_v2.srv_instancia",
            "openstack_networking_floatingip_v2.fip",
            "openstack_networking_network_v2.red_interna",
            "openstack_networking_secgroup_v2.grupo_seguridad"
          ]
        },
        {
          "index_key": 1,
          "schema_version": 0,
          "attributes": {
            "fixed_ip": "",
            "floating_ip": "172.16.0.16",
            "id": "172.16.0.16/d6f47b24-a138-47b2-9111-761db4831490/",
            "instance_id": "d6f47b24-a138-47b2-9111-761db4831490",
            "region": "RegionOne",
            "timeouts": null,
            "wait_until_associated": null
          },
          "sensitive_attributes": [],
          "private": "eyJlMmJmYjczMC1lY2FhLTExZTYtOGY4OC0zNDM2M2JjN2M0YzAiOnsiY3JlYXRlIjo2MDAwMDAwMDAwMDB9fQ==",
          "dependencies": [
            "openstack_networking_secgroup_v2.grupo_seguridad",
            "data.openstack_compute_keypair_v2.clave",
            "openstack_compute_instance_v2.srv_instancia",
            "openstack_networking_floatingip_v2.fip",
            "openstack_networking_network_v2.red_interna"
          ]
        },
        {
          "index_key": 2,
          "schema_version": 0,
          "attributes": {
            "fixed_ip": "",
            "floating_ip": "172.16.0.17",
            "id": "172.16.0.17/cce09a76-d601-4b76-ba40-7cc1b3730d79/",
            "instance_id": "cce09a76-d601-4b76-ba40-7cc1b3730d79",
            "region": "RegionOne",
            "timeouts": null,
            "wait_until_associated": null
          },
          "sensitive_attributes": [],
          "private": "eyJlMmJmYjczMC1lY2FhLTExZTYtOGY4OC0zNDM2M2JjN2M0YzAiOnsiY3JlYXRlIjo2MDAwMDAwMDAwMDB9fQ==",
          "dependencies": [
            "openstack_networking_floatingip_v2.fip",
            "openstack_networking_network_v2.red_interna",
            "openstack_networking_secgroup_v2.grupo_seguridad",
            "data.openstack_compute_keypair_v2.clave",
            "openstack_compute_instance_v2.srv_instancia"
          ]
        }
      ]
    },
    {
      "mode": "managed",
      "type": "openstack_compute_instance_v2",
      "name": "srv_instancia",
      "provider": "provider[\"registry.terraform.io/terraform-provider-openstack/openstack\"]",
      "instances": [
        {
          "index_key": 0,
          "schema_version": 0,
          "attributes": {
            "access_ip_v4": "10.10.10.245",
            "access_ip_v6": "",
            "admin_pass": null,
            "all_metadata": {},
            "all_tags": [],
            "availability_zone": "nova",
            "availability_zone_hints": null,
            "block_device": [],
            "config_drive": null,
            "flavor_id": "2",
            "flavor_name": "m1.small",
            "floating_ip": null,
            "force_delete": false,
            "id": "4e2d91f9-1756-4e5c-abfb-0617f85aeab4",
            "image_id": "cc7c5431-b296-43b5-9ee3-caf1e0132c1a",
            "image_name": "ubuntu",
            "key_pair": "clave",
            "metadata": null,
            "name": "srv-01",
            "network": [
              {
                "access_network": false,
                "fixed_ip_v4": "10.10.10.245",
                "fixed_ip_v6": "",
                "floating_ip": "",
                "mac": "fa:16:3e:4e:5a:fe",
                "name": "Red_1",
                "port": "",
                "uuid": "08f25c9d-8549-4537-ac9e-3e20478cb2fe"
              }
            ],
            "network_mode": null,
            "personality": [],
            "power_state": "active",
            "region": "RegionOne",
            "scheduler_hints": [],
            "security_groups": [
              "puertosWeb"
            ],
            "stop_before_destroy": false,
            "tags": [],
            "timeouts": null,
            "user_data": null,
            "vendor_options": [],
            "volume": []
          },
          "sensitive_attributes": [],
          "private": "eyJlMmJmYjczMC1lY2FhLTExZTYtOGY4OC0zNDM2M2JjN2M0YzAiOnsiY3JlYXRlIjoxODAwMDAwMDAwMDAwLCJkZWxldGUiOjE4MDAwMDAwMDAwMDAsInVwZGF0ZSI6MTgwMDAwMDAwMDAwMH19",
          "dependencies": [
            "data.openstack_compute_keypair_v2.clave",
            "openstack_networking_network_v2.red_interna",
            "openstack_networking_secgroup_v2.grupo_seguridad"
          ]
        },
        {
          "index_key": 1,
          "schema_version": 0,
          "attributes": {
            "access_ip_v4": "10.10.10.81",
            "access_ip_v6": "",
            "admin_pass": null,
            "all_metadata": {},
            "all_tags": [],
            "availability_zone": "nova",
            "availability_zone_hints": null,
            "block_device": [],
            "config_drive": null,
            "flavor_id": "2",
            "flavor_name": "m1.small",
            "floating_ip": null,
            "force_delete": false,
            "id": "d6f47b24-a138-47b2-9111-761db4831490",
            "image_id": "cc7c5431-b296-43b5-9ee3-caf1e0132c1a",
            "image_name": "ubuntu",
            "key_pair": "clave",
            "metadata": null,
            "name": "srv-02",
            "network": [
              {
                "access_network": false,
                "fixed_ip_v4": "10.10.10.81",
                "fixed_ip_v6": "",
                "floating_ip": "",
                "mac": "fa:16:3e:48:64:14",
                "name": "Red_1",
                "port": "",
                "uuid": "08f25c9d-8549-4537-ac9e-3e20478cb2fe"
              }
            ],
            "network_mode": null,
            "personality": [],
            "power_state": "active",
            "region": "RegionOne",
            "scheduler_hints": [],
            "security_groups": [
              "puertosWeb"
            ],
            "stop_before_destroy": false,
            "tags": [],
            "timeouts": null,
            "user_data": null,
            "vendor_options": [],
            "volume": []
          },
          "sensitive_attributes": [],
          "private": "eyJlMmJmYjczMC1lY2FhLTExZTYtOGY4OC0zNDM2M2JjN2M0YzAiOnsiY3JlYXRlIjoxODAwMDAwMDAwMDAwLCJkZWxldGUiOjE4MDAwMDAwMDAwMDAsInVwZGF0ZSI6MTgwMDAwMDAwMDAwMH19",
          "dependencies": [
            "data.openstack_compute_keypair_v2.clave",
            "openstack_networking_network_v2.red_interna",
            "openstack_networking_secgroup_v2.grupo_seguridad"
          ]
        },
        {
          "index_key": 2,
          "schema_version": 0,
          "attributes": {
            "access_ip_v4": "10.10.10.101",
            "access_ip_v6": "",
            "admin_pass": null,
            "all_metadata": {},
            "all_tags": [],
            "availability_zone": "nova",
            "availability_zone_hints": null,
            "block_device": [],
            "config_drive": null,
            "flavor_id": "2",
            "flavor_name": "m1.small",
            "floating_ip": null,
            "force_delete": false,
            "id": "cce09a76-d601-4b76-ba40-7cc1b3730d79",
            "image_id": "cc7c5431-b296-43b5-9ee3-caf1e0132c1a",
            "image_name": "ubuntu",
            "key_pair": "clave",
            "metadata": null,
            "name": "srv-03",
            "network": [
              {
                "access_network": false,
                "fixed_ip_v4": "10.10.10.101",
                "fixed_ip_v6": "",
                "floating_ip": "",
                "mac": "fa:16:3e:eb:b0:e8",
                "name": "Red_1",
                "port": "",
                "uuid": "08f25c9d-8549-4537-ac9e-3e20478cb2fe"
              }
            ],
            "network_mode": null,
            "personality": [],
            "power_state": "active",
            "region": "RegionOne",
            "scheduler_hints": [],
            "security_groups": [
              "puertosWeb"
            ],
            "stop_before_destroy": false,
            "tags": [],
            "timeouts": null,
            "user_data": null,
            "vendor_options": [],
            "volume": []
          },
          "sensitive_attributes": [],
          "private": "eyJlMmJmYjczMC1lY2FhLTExZTYtOGY4OC0zNDM2M2JjN2M0YzAiOnsiY3JlYXRlIjoxODAwMDAwMDAwMDAwLCJkZWxldGUiOjE4MDAwMDAwMDAwMDAsInVwZGF0ZSI6MTgwMDAwMDAwMDAwMH19",
          "dependencies": [
            "data.openstack_compute_keypair_v2.clave",
            "openstack_networking_network_v2.red_interna",
            "openstack_networking_secgroup_v2.grupo_seguridad"
          ]
        }
      ]
    },
    {
      "mode": "managed",
      "type": "openstack_compute_volume_attach_v2",
      "name": "attached",
      "provider": "provider[\"registry.terraform.io/terraform-provider-openstack/openstack\"]",
      "instances": [
        {
          "index_key": 0,
          "schema_version": 0,
          "attributes": {
            "device": "/dev/vdb",
            "id": "4e2d91f9-1756-4e5c-abfb-0617f85aeab4/24d83c13-71de-44be-9b23-ac79d7ed8516",
            "instance_id": "4e2d91f9-1756-4e5c-abfb-0617f85aeab4",
            "multiattach": null,
            "region": "RegionOne",
            "timeouts": null,
            "vendor_options": [],
            "volume_id": "24d83c13-71de-44be-9b23-ac79d7ed8516"
          },
          "sensitive_attributes": [],
          "private": "eyJlMmJmYjczMC1lY2FhLTExZTYtOGY4OC0zNDM2M2JjN2M0YzAiOnsiY3JlYXRlIjo2MDAwMDAwMDAwMDAsImRlbGV0ZSI6NjAwMDAwMDAwMDAwfX0=",
          "dependencies": [
            "openstack_blockstorage_volume_v2.volumen",
            "openstack_compute_instance_v2.srv_instancia"
          ]
        },
        {
          "index_key": 1,
          "schema_version": 0,
          "attributes": {
            "device": "/dev/vdb",
            "id": "d6f47b24-a138-47b2-9111-761db4831490/61dfab7e-c239-45db-a53c-01636f19d649",
            "instance_id": "d6f47b24-a138-47b2-9111-761db4831490",
            "multiattach": null,
            "region": "RegionOne",
            "timeouts": null,
            "vendor_options": [],
            "volume_id": "61dfab7e-c239-45db-a53c-01636f19d649"
          },
          "sensitive_attributes": [],
          "private": "eyJlMmJmYjczMC1lY2FhLTExZTYtOGY4OC0zNDM2M2JjN2M0YzAiOnsiY3JlYXRlIjo2MDAwMDAwMDAwMDAsImRlbGV0ZSI6NjAwMDAwMDAwMDAwfX0=",
          "dependencies": [
            "openstack_blockstorage_volume_v2.volumen",
            "openstack_compute_instance_v2.srv_instancia"
          ]
        },
        {
          "index_key": 2,
          "schema_version": 0,
          "attributes": {
            "device": "/dev/vdb",
            "id": "cce09a76-d601-4b76-ba40-7cc1b3730d79/04437dcf-90df-4f23-8e0d-bab95d9064a4",
            "instance_id": "cce09a76-d601-4b76-ba40-7cc1b3730d79",
            "multiattach": null,
            "region": "RegionOne",
            "timeouts": null,
            "vendor_options": [],
            "volume_id": "04437dcf-90df-4f23-8e0d-bab95d9064a4"
          },
          "sensitive_attributes": [],
          "private": "eyJlMmJmYjczMC1lY2FhLTExZTYtOGY4OC0zNDM2M2JjN2M0YzAiOnsiY3JlYXRlIjo2MDAwMDAwMDAwMDAsImRlbGV0ZSI6NjAwMDAwMDAwMDAwfX0=",
          "dependencies": [
            "openstack_blockstorage_volume_v2.volumen",
            "openstack_compute_instance_v2.srv_instancia"
          ]
        }
      ]
    },
    {
      "mode": "managed",
      "type": "openstack_networking_floatingip_v2",
      "name": "fip",
      "provider": "provider[\"registry.terraform.io/terraform-provider-openstack/openstack\"]",
      "instances": [
        {
          "index_key": 0,
          "schema_version": 0,
          "attributes": {
            "address": "172.16.0.45",
            "all_tags": [],
            "description": "",
            "dns_domain": "",
            "dns_name": "",
            "fixed_ip": "10.10.10.245",
            "id": "3edc0a84-e38b-4963-8ab8-ee946c0825c6",
            "pool": "RedExterna",
            "port_id": "ce4f432d-984b-4c0b-a009-fcd20935edad",
            "region": "RegionOne",
            "subnet_id": null,
            "tags": [],
            "tenant_id": "3bb92f9c0f8d444eac187657a3e7679c",
            "timeouts": null,
            "value_specs": null
          },
          "sensitive_attributes": [],
          "private": "eyJlMmJmYjczMC1lY2FhLTExZTYtOGY4OC0zNDM2M2JjN2M0YzAiOnsiY3JlYXRlIjo2MDAwMDAwMDAwMDAsImRlbGV0ZSI6NjAwMDAwMDAwMDAwfX0="
        },
        {
          "index_key": 1,
          "schema_version": 0,
          "attributes": {
            "address": "172.16.0.16",
            "all_tags": [],
            "description": "",
            "dns_domain": "",
            "dns_name": "",
            "fixed_ip": "10.10.10.81",
            "id": "4cab5850-ed3f-48c6-818d-5fdf222e2032",
            "pool": "RedExterna",
            "port_id": "94dedccd-63c1-43e4-b30c-1e7f6f6a94cf",
            "region": "RegionOne",
            "subnet_id": null,
            "tags": [],
            "tenant_id": "3bb92f9c0f8d444eac187657a3e7679c",
            "timeouts": null,
            "value_specs": null
          },
          "sensitive_attributes": [],
          "private": "eyJlMmJmYjczMC1lY2FhLTExZTYtOGY4OC0zNDM2M2JjN2M0YzAiOnsiY3JlYXRlIjo2MDAwMDAwMDAwMDAsImRlbGV0ZSI6NjAwMDAwMDAwMDAwfX0="
        },
        {
          "index_key": 2,
          "schema_version": 0,
          "attributes": {
            "address": "172.16.0.17",
            "all_tags": [],
            "description": "",
            "dns_domain": "",
            "dns_name": "",
            "fixed_ip": "10.10.10.101",
            "id": "b3cea8dc-f118-4753-9da8-00a2c5a08835",
            "pool": "RedExterna",
            "port_id": "37766577-55d0-4bcc-898f-dbbeff597bcb",
            "region": "RegionOne",
            "subnet_id": null,
            "tags": [],
            "tenant_id": "3bb92f9c0f8d444eac187657a3e7679c",
            "timeouts": null,
            "value_specs": null
          },
          "sensitive_attributes": [],
          "private": "eyJlMmJmYjczMC1lY2FhLTExZTYtOGY4OC0zNDM2M2JjN2M0YzAiOnsiY3JlYXRlIjo2MDAwMDAwMDAwMDAsImRlbGV0ZSI6NjAwMDAwMDAwMDAwfX0="
        }
      ]
    },
    {
      "mode": "managed",
      "type": "openstack_networking_network_v2",
      "name": "red_interna",
      "provider": "provider[\"registry.terraform.io/terraform-provider-openstack/openstack\"]",
      "instances": [
        {
          "schema_version": 0,
          "attributes": {
            "admin_state_up": true,
            "all_tags": [],
            "availability_zone_hints": [],
            "description": "",
            "dns_domain": "",
            "external": false,
            "id": "08f25c9d-8549-4537-ac9e-3e20478cb2fe",
            "mtu": 1450,
            "name": "Red_1",
            "port_security_enabled": true,
            "qos_policy_id": "",
            "region": "RegionOne",
            "segments": [],
            "shared": false,
            "tags": [],
            "tenant_id": "3bb92f9c0f8d444eac187657a3e7679c",
            "timeouts": null,
            "transparent_vlan": false,
            "value_specs": null
          },
          "sensitive_attributes": [],
          "private": "eyJlMmJmYjczMC1lY2FhLTExZTYtOGY4OC0zNDM2M2JjN2M0YzAiOnsiY3JlYXRlIjo2MDAwMDAwMDAwMDAsImRlbGV0ZSI6NjAwMDAwMDAwMDAwfX0="
        }
      ]
    },
    {
      "mode": "managed",
      "type": "openstack_networking_router_interface_v2",
      "name": "router_interface",
      "provider": "provider[\"registry.terraform.io/terraform-provider-openstack/openstack\"]",
      "instances": [
        {
          "schema_version": 0,
          "attributes": {
            "id": "f183a2b5-acb8-4a81-898d-f6a224093f6b",
            "port_id": "f183a2b5-acb8-4a81-898d-f6a224093f6b",
            "region": "RegionOne",
            "router_id": "eb90a727-ba1e-4510-a3e7-3421c3339991",
            "subnet_id": "78d02da8-343b-4546-acd2-c39d4155d5e4",
            "timeouts": null
          },
          "sensitive_attributes": [],
          "private": "eyJlMmJmYjczMC1lY2FhLTExZTYtOGY4OC0zNDM2M2JjN2M0YzAiOnsiY3JlYXRlIjo2MDAwMDAwMDAwMDAsImRlbGV0ZSI6NjAwMDAwMDAwMDAwfX0=",
          "dependencies": [
            "openstack_networking_router_v2.router_1",
            "openstack_networking_subnet_v2.sub_red",
            "data.openstack_networking_network_v2.network",
            "openstack_networking_network_v2.red_interna"
          ]
        }
      ]
    },
    {
      "mode": "managed",
      "type": "openstack_networking_router_v2",
      "name": "router_1",
      "provider": "provider[\"registry.terraform.io/terraform-provider-openstack/openstack\"]",
      "instances": [
        {
          "schema_version": 0,
          "attributes": {
            "admin_state_up": true,
            "all_tags": [],
            "availability_zone_hints": [],
            "description": "",
            "distributed": false,
            "enable_snat": true,
            "external_fixed_ip": [
              {
                "ip_address": "172.16.0.76",
                "subnet_id": "5cffb55d-f76b-442f-8dfd-35c00ae4765b"
              }
            ],
            "external_gateway": "16168b9c-c8cb-4d10-9ab8-43a91aaa556b",
            "external_network_id": "16168b9c-c8cb-4d10-9ab8-43a91aaa556b",
            "id": "eb90a727-ba1e-4510-a3e7-3421c3339991",
            "name": "router_1",
            "region": "RegionOne",
            "tags": [],
            "tenant_id": "3bb92f9c0f8d444eac187657a3e7679c",
            "timeouts": null,
            "value_specs": null,
            "vendor_options": []
          },
          "sensitive_attributes": [],
          "private": "eyJlMmJmYjczMC1lY2FhLTExZTYtOGY4OC0zNDM2M2JjN2M0YzAiOnsiY3JlYXRlIjo2MDAwMDAwMDAwMDAsImRlbGV0ZSI6NjAwMDAwMDAwMDAwfX0=",
          "dependencies": [
            "data.openstack_networking_network_v2.network"
          ]
        }
      ]
    },
    {
      "mode": "managed",
      "type": "openstack_networking_secgroup_rule_v2",
      "name": "puerto_22",
      "provider": "provider[\"registry.terraform.io/terraform-provider-openstack/openstack\"]",
      "instances": [
        {
          "schema_version": 0,
          "attributes": {
            "description": "",
            "direction": "ingress",
            "ethertype": "IPv4",
            "id": "6b6bc1d8-cd95-49b6-88fb-25214db3e14a",
            "port_range_max": 22,
            "port_range_min": 22,
            "protocol": "tcp",
            "region": "RegionOne",
            "remote_group_id": "",
            "remote_ip_prefix": "0.0.0.0/0",
            "security_group_id": "7ee95e79-c089-4474-b3ec-d983d2805cd3",
            "tenant_id": "3bb92f9c0f8d444eac187657a3e7679c",
            "timeouts": null
          },
          "sensitive_attributes": [],
          "private": "eyJlMmJmYjczMC1lY2FhLTExZTYtOGY4OC0zNDM2M2JjN2M0YzAiOnsiZGVsZXRlIjo2MDAwMDAwMDAwMDB9fQ==",
          "dependencies": [
            "openstack_networking_secgroup_v2.grupo_seguridad"
          ]
        }
      ]
    },
    {
      "mode": "managed",
      "type": "openstack_networking_secgroup_rule_v2",
      "name": "puerto_80",
      "provider": "provider[\"registry.terraform.io/terraform-provider-openstack/openstack\"]",
      "instances": [
        {
          "schema_version": 0,
          "attributes": {
            "description": "",
            "direction": "ingress",
            "ethertype": "IPv4",
            "id": "88039f9b-5952-4a40-ac98-001c469ae0c0",
            "port_range_max": 80,
            "port_range_min": 80,
            "protocol": "tcp",
            "region": "RegionOne",
            "remote_group_id": "",
            "remote_ip_prefix": "0.0.0.0/0",
            "security_group_id": "7ee95e79-c089-4474-b3ec-d983d2805cd3",
            "tenant_id": "3bb92f9c0f8d444eac187657a3e7679c",
            "timeouts": null
          },
          "sensitive_attributes": [],
          "private": "eyJlMmJmYjczMC1lY2FhLTExZTYtOGY4OC0zNDM2M2JjN2M0YzAiOnsiZGVsZXRlIjo2MDAwMDAwMDAwMDB9fQ==",
          "dependencies": [
            "openstack_networking_secgroup_v2.grupo_seguridad"
          ]
        }
      ]
    },
    {
      "mode": "managed",
      "type": "openstack_networking_secgroup_rule_v2",
      "name": "puerto_icmp",
      "provider": "provider[\"registry.terraform.io/terraform-provider-openstack/openstack\"]",
      "instances": [
        {
          "schema_version": 0,
          "attributes": {
            "description": "",
            "direction": "ingress",
            "ethertype": "IPv4",
            "id": "adb2a45f-af26-4460-b067-7290f9328c9a",
            "port_range_max": 0,
            "port_range_min": 0,
            "protocol": "icmp",
            "region": "RegionOne",
            "remote_group_id": "",
            "remote_ip_prefix": "0.0.0.0/0",
            "security_group_id": "7ee95e79-c089-4474-b3ec-d983d2805cd3",
            "tenant_id": "3bb92f9c0f8d444eac187657a3e7679c",
            "timeouts": null
          },
          "sensitive_attributes": [],
          "private": "eyJlMmJmYjczMC1lY2FhLTExZTYtOGY4OC0zNDM2M2JjN2M0YzAiOnsiZGVsZXRlIjo2MDAwMDAwMDAwMDB9fQ==",
          "dependencies": [
            "openstack_networking_secgroup_v2.grupo_seguridad"
          ]
        }
      ]
    },
    {
      "mode": "managed",
      "type": "openstack_networking_secgroup_v2",
      "name": "grupo_seguridad",
      "provider": "provider[\"registry.terraform.io/terraform-provider-openstack/openstack\"]",
      "instances": [
        {
          "schema_version": 0,
          "attributes": {
            "all_tags": [],
            "delete_default_rules": null,
            "description": "Grupo de seguridad para servidodr web.",
            "id": "7ee95e79-c089-4474-b3ec-d983d2805cd3",
            "name": "puertosWeb",
            "region": "RegionOne",
            "tags": [],
            "tenant_id": "3bb92f9c0f8d444eac187657a3e7679c",
            "timeouts": null
          },
          "sensitive_attributes": [],
          "private": "eyJlMmJmYjczMC1lY2FhLTExZTYtOGY4OC0zNDM2M2JjN2M0YzAiOnsiZGVsZXRlIjo2MDAwMDAwMDAwMDB9fQ=="
        }
      ]
    },
    {
      "mode": "managed",
      "type": "openstack_networking_subnet_v2",
      "name": "sub_red",
      "provider": "provider[\"registry.terraform.io/terraform-provider-openstack/openstack\"]",
      "instances": [
        {
          "schema_version": 0,
          "attributes": {
            "all_tags": [],
            "allocation_pool": [
              {
                "end": "10.10.10.254",
                "start": "10.10.10.2"
              }
            ],
            "allocation_pools": [
              {
                "end": "10.10.10.254",
                "start": "10.10.10.2"
              }
            ],
            "cidr": "10.10.10.0/24",
            "description": "",
            "dns_nameservers": [
              "8.8.8.8",
              "8.8.4.4"
            ],
            "enable_dhcp": true,
            "gateway_ip": "10.10.10.1",
            "host_routes": [],
            "id": "78d02da8-343b-4546-acd2-c39d4155d5e4",
            "ip_version": 4,
            "ipv6_address_mode": "",
            "ipv6_ra_mode": "",
            "name": "RedSub_1",
            "network_id": "08f25c9d-8549-4537-ac9e-3e20478cb2fe",
            "no_gateway": false,
            "prefix_length": null,
            "region": "RegionOne",
            "subnetpool_id": "",
            "tags": [],
            "tenant_id": "3bb92f9c0f8d444eac187657a3e7679c",
            "timeouts": null,
            "value_specs": null
          },
          "sensitive_attributes": [],
          "private": "eyJlMmJmYjczMC1lY2FhLTExZTYtOGY4OC0zNDM2M2JjN2M0YzAiOnsiY3JlYXRlIjo2MDAwMDAwMDAwMDAsImRlbGV0ZSI6NjAwMDAwMDAwMDAwfX0=",
          "dependencies": [
            "openstack_networking_network_v2.red_interna"
          ]
        }
      ]
    }
  ]
}
