{
  "version": 4,
  "terraform_version": "1.0.3",
  "serial": 68,
  "lineage": "2d1d735d-58ec-6932-05a5-1790a3f0069c",
  "outputs": {
    "float_ips": {
      "value": {
        "10.10.10.178": "172.16.0.74",
        "10.10.10.54": "172.16.0.72",
        "10.10.10.68": "172.16.0.77"
      },
      "type": [
        "object",
        {
          "10.10.10.178": "string",
          "10.10.10.54": "string",
          "10.10.10.68": "string"
        }
      ]
    }
  },
  "resources": [
    {
      "mode": "data",
      "type": "openstack_compute_keypair_v2",
      "name": "clave",
      "provider": "provider[\"registry.terraform.io/terraform-provider-openstack/openstack\"]",
      "instances": [
        {
          "schema_version": 0,
          "attributes": {
            "fingerprint": "b4:5d:63:02:23:83:2b:c5:24:f0:df:f5:4a:b5:af:40",
            "id": "clave",
            "name": "clave",
            "public_key": "ssh-rsa AAAAB3NzaC1yc2EAAAADAQABAAABgQC854RrYqCJhbAXI6cNGAeFch/zS1YzXLcQ7eP4PIMKsgLKsZMCS8i2O1AOVsgDUPh1SWEMkNoVRP2BXMsfEOZNF0Fj0RolKMYONmnhpMMWyy9WyxW5RQE3t50ZTMUOujw7K6oWl2c92R5kyKvgq/AswUst15/9hamAKkZl4RZjMq+/E4i6DWbJrbPfZ2WJVXpN7xPeM1tfPIP093lvxSe0PhkQbPajWN17Mer8LjaLVkWriVQLaPB5o5GnO63ds0eLSE6TytCyLSgyq1WkujdLDKyGW0wbQ4/g6TWSZEStG6DOtOz1ev4iSGnrQWYdN4t4c5jdZIKTIildymJym8oEoEZofLtmWlkAE2rXI49wpe4uc9Cc0CBxFsSsNZqgUz8bllpCuYbl4C4TVFnqW+V9nM4/ZxZO/GbMivmrO5cWOrNde0UySXd1yFG6jrzyIirAI126OL98D+JfGVLLzmfs2X5wqRfSoD8n7Uy+sXhT9Ky+wNz5V1mNmDZh784trI8= tesis@tesis",
            "region": "RegionOne"
          },
          "sensitive_attributes": []
        }
      ]
    },
    {
      "mode": "managed",
      "type": "openstack_blockstorage_volume_v2",
      "name": "volumen",
      "provider": "provider[\"registry.terraform.io/terraform-provider-openstack/openstack\"]",
      "instances": [
        {
          "index_key": 0,
          "schema_version": 0,
          "attributes": {
            "attachment": [],
            "availability_zone": "nova",
            "consistency_group_id": null,
            "description": "",
            "id": "aa32165c-fb4e-4d43-9142-70ac4c0ad779",
            "image_id": null,
            "metadata": {},
            "name": "volumen-01",
            "region": "RegionOne",
            "scheduler_hints": [],
            "size": 10,
            "snapshot_id": "",
            "source_replica": null,
            "source_vol_id": "",
            "timeouts": null,
            "volume_type": "iscsi"
          },
          "sensitive_attributes": [],
          "private": "eyJlMmJmYjczMC1lY2FhLTExZTYtOGY4OC0zNDM2M2JjN2M0YzAiOnsiY3JlYXRlIjo2MDAwMDAwMDAwMDAsImRlbGV0ZSI6NjAwMDAwMDAwMDAwfX0="
        },
        {
          "index_key": 1,
          "schema_version": 0,
          "attributes": {
            "attachment": [],
            "availability_zone": "nova",
            "consistency_group_id": null,
            "description": "",
            "id": "37acd3be-0782-4cba-a3d2-def6480af35c",
            "image_id": null,
            "metadata": {},
            "name": "volumen-02",
            "region": "RegionOne",
            "scheduler_hints": [],
            "size": 10,
            "snapshot_id": "",
            "source_replica": null,
            "source_vol_id": "",
            "timeouts": null,
            "volume_type": "iscsi"
          },
          "sensitive_attributes": [],
          "private": "eyJlMmJmYjczMC1lY2FhLTExZTYtOGY4OC0zNDM2M2JjN2M0YzAiOnsiY3JlYXRlIjo2MDAwMDAwMDAwMDAsImRlbGV0ZSI6NjAwMDAwMDAwMDAwfX0="
        },
        {
          "index_key": 2,
          "schema_version": 0,
          "attributes": {
            "attachment": [],
            "availability_zone": "nova",
            "consistency_group_id": null,
            "description": "",
            "id": "02d065a7-4b1c-4888-8762-55928a163005",
            "image_id": null,
            "metadata": {},
            "name": "volumen-03",
            "region": "RegionOne",
            "scheduler_hints": [],
            "size": 10,
            "snapshot_id": "",
            "source_replica": null,
            "source_vol_id": "",
            "timeouts": null,
            "volume_type": "iscsi"
          },
          "sensitive_attributes": [],
          "private": "eyJlMmJmYjczMC1lY2FhLTExZTYtOGY4OC0zNDM2M2JjN2M0YzAiOnsiY3JlYXRlIjo2MDAwMDAwMDAwMDAsImRlbGV0ZSI6NjAwMDAwMDAwMDAwfX0="
        }
      ]
    },
    {
      "mode": "managed",
      "type": "openstack_compute_floatingip_associate_v2",
      "name": "fip",
      "provider": "provider[\"registry.terraform.io/terraform-provider-openstack/openstack\"]",
      "instances": [
        {
          "index_key": 0,
          "schema_version": 0,
          "attributes": {
            "fixed_ip": "",
            "floating_ip": "172.16.0.72",
            "id": "172.16.0.72/3606cb09-bac3-4184-acb6-01f9e1317524/",
            "instance_id": "3606cb09-bac3-4184-acb6-01f9e1317524",
            "region": "RegionOne",
            "timeouts": null,
            "wait_until_associated": null
          },
          "sensitive_attributes": [],
          "private": "eyJlMmJmYjczMC1lY2FhLTExZTYtOGY4OC0zNDM2M2JjN2M0YzAiOnsiY3JlYXRlIjo2MDAwMDAwMDAwMDB9fQ==",
          "dependencies": [
            "openstack_networking_floatingip_v2.fip",
            "openstack_networking_network_v2.red_interna",
            "openstack_networking_secgroup_v2.grupo_seguridad",
            "data.openstack_compute_keypair_v2.clave",
            "openstack_compute_instance_v2.srv_instancia"
          ]
        },
        {
          "index_key": 1,
          "schema_version": 0,
          "attributes": {
            "fixed_ip": "",
            "floating_ip": "172.16.0.77",
            "id": "172.16.0.77/c53563bf-a10d-401b-b695-fce6135580dc/",
            "instance_id": "c53563bf-a10d-401b-b695-fce6135580dc",
            "region": "RegionOne",
            "timeouts": null,
            "wait_until_associated": null
          },
          "sensitive_attributes": [],
          "private": "eyJlMmJmYjczMC1lY2FhLTExZTYtOGY4OC0zNDM2M2JjN2M0YzAiOnsiY3JlYXRlIjo2MDAwMDAwMDAwMDB9fQ==",
          "dependencies": [
            "openstack_compute_instance_v2.srv_instancia",
            "openstack_networking_floatingip_v2.fip",
            "openstack_networking_network_v2.red_interna",
            "openstack_networking_secgroup_v2.grupo_seguridad",
            "data.openstack_compute_keypair_v2.clave"
          ]
        },
        {
          "index_key": 2,
          "schema_version": 0,
          "attributes": {
            "fixed_ip": "",
            "floating_ip": "172.16.0.74",
            "id": "172.16.0.74/67237811-a3d5-47cd-a0c6-6eafee447263/",
            "instance_id": "67237811-a3d5-47cd-a0c6-6eafee447263",
            "region": "RegionOne",
            "timeouts": null,
            "wait_until_associated": null
          },
          "sensitive_attributes": [],
          "private": "eyJlMmJmYjczMC1lY2FhLTExZTYtOGY4OC0zNDM2M2JjN2M0YzAiOnsiY3JlYXRlIjo2MDAwMDAwMDAwMDB9fQ==",
          "dependencies": [
            "openstack_networking_floatingip_v2.fip",
            "openstack_networking_network_v2.red_interna",
            "openstack_networking_secgroup_v2.grupo_seguridad",
            "data.openstack_compute_keypair_v2.clave",
            "openstack_compute_instance_v2.srv_instancia"
          ]
        }
      ]
    },
    {
      "mode": "managed",
      "type": "openstack_compute_instance_v2",
      "name": "srv_instancia",
      "provider": "provider[\"registry.terraform.io/terraform-provider-openstack/openstack\"]",
      "instances": [
        {
          "index_key": 0,
          "schema_version": 0,
          "attributes": {
            "access_ip_v4": "10.10.10.54",
            "access_ip_v6": "",
            "admin_pass": null,
            "all_metadata": {},
            "all_tags": [],
            "availability_zone": "nova",
            "availability_zone_hints": null,
            "block_device": [],
            "config_drive": null,
            "flavor_id": "2",
            "flavor_name": "m1.small",
            "floating_ip": null,
            "force_delete": false,
            "id": "3606cb09-bac3-4184-acb6-01f9e1317524",
            "image_id": "cc7c5431-b296-43b5-9ee3-caf1e0132c1a",
            "image_name": "ubuntu",
            "key_pair": "clave",
            "metadata": null,
            "name": "srv-01",
            "network": [
              {
                "access_network": false,
                "fixed_ip_v4": "10.10.10.54",
                "fixed_ip_v6": "",
                "floating_ip": "",
                "mac": "fa:16:3e:46:a3:32",
                "name": "Red_1",
                "port": "",
                "uuid": "fe8e03ff-b683-4991-bbb6-211aa6545165"
              }
            ],
            "network_mode": null,
            "personality": [],
            "power_state": "active",
            "region": "RegionOne",
            "scheduler_hints": [],
            "security_groups": [
              "puertosWeb"
            ],
            "stop_before_destroy": false,
            "tags": [],
            "timeouts": null,
            "user_data": null,
            "vendor_options": [],
            "volume": []
          },
          "sensitive_attributes": [],
          "private": "eyJlMmJmYjczMC1lY2FhLTExZTYtOGY4OC0zNDM2M2JjN2M0YzAiOnsiY3JlYXRlIjoxODAwMDAwMDAwMDAwLCJkZWxldGUiOjE4MDAwMDAwMDAwMDAsInVwZGF0ZSI6MTgwMDAwMDAwMDAwMH19",
          "dependencies": [
            "openstack_networking_network_v2.red_interna",
            "openstack_networking_secgroup_v2.grupo_seguridad",
            "data.openstack_compute_keypair_v2.clave"
          ]
        },
        {
          "index_key": 1,
          "schema_version": 0,
          "attributes": {
            "access_ip_v4": "10.10.10.68",
            "access_ip_v6": "",
            "admin_pass": null,
            "all_metadata": {},
            "all_tags": [],
            "availability_zone": "nova",
            "availability_zone_hints": null,
            "block_device": [],
            "config_drive": null,
            "flavor_id": "2",
            "flavor_name": "m1.small",
            "floating_ip": null,
            "force_delete": false,
            "id": "c53563bf-a10d-401b-b695-fce6135580dc",
            "image_id": "cc7c5431-b296-43b5-9ee3-caf1e0132c1a",
            "image_name": "ubuntu",
            "key_pair": "clave",
            "metadata": null,
            "name": "srv-02",
            "network": [
              {
                "access_network": false,
                "fixed_ip_v4": "10.10.10.68",
                "fixed_ip_v6": "",
                "floating_ip": "",
                "mac": "fa:16:3e:38:6a:b5",
                "name": "Red_1",
                "port": "",
                "uuid": "fe8e03ff-b683-4991-bbb6-211aa6545165"
              }
            ],
            "network_mode": null,
            "personality": [],
            "power_state": "active",
            "region": "RegionOne",
            "scheduler_hints": [],
            "security_groups": [
              "puertosWeb"
            ],
            "stop_before_destroy": false,
            "tags": [],
            "timeouts": null,
            "user_data": null,
            "vendor_options": [],
            "volume": []
          },
          "sensitive_attributes": [],
          "private": "eyJlMmJmYjczMC1lY2FhLTExZTYtOGY4OC0zNDM2M2JjN2M0YzAiOnsiY3JlYXRlIjoxODAwMDAwMDAwMDAwLCJkZWxldGUiOjE4MDAwMDAwMDAwMDAsInVwZGF0ZSI6MTgwMDAwMDAwMDAwMH19",
          "dependencies": [
            "openstack_networking_network_v2.red_interna",
            "openstack_networking_secgroup_v2.grupo_seguridad",
            "data.openstack_compute_keypair_v2.clave"
          ]
        },
        {
          "index_key": 2,
          "schema_version": 0,
          "attributes": {
            "access_ip_v4": "10.10.10.178",
            "access_ip_v6": "",
            "admin_pass": null,
            "all_metadata": {},
            "all_tags": [],
            "availability_zone": "nova",
            "availability_zone_hints": null,
            "block_device": [],
            "config_drive": null,
            "flavor_id": "2",
            "flavor_name": "m1.small",
            "floating_ip": null,
            "force_delete": false,
            "id": "67237811-a3d5-47cd-a0c6-6eafee447263",
            "image_id": "cc7c5431-b296-43b5-9ee3-caf1e0132c1a",
            "image_name": "ubuntu",
            "key_pair": "clave",
            "metadata": null,
            "name": "srv-03",
            "network": [
              {
                "access_network": false,
                "fixed_ip_v4": "10.10.10.178",
                "fixed_ip_v6": "",
                "floating_ip": "",
                "mac": "fa:16:3e:88:68:2a",
                "name": "Red_1",
                "port": "",
                "uuid": "fe8e03ff-b683-4991-bbb6-211aa6545165"
              }
            ],
            "network_mode": null,
            "personality": [],
            "power_state": "active",
            "region": "RegionOne",
            "scheduler_hints": [],
            "security_groups": [
              "puertosWeb"
            ],
            "stop_before_destroy": false,
            "tags": [],
            "timeouts": null,
            "user_data": null,
            "vendor_options": [],
            "volume": []
          },
          "sensitive_attributes": [],
          "private": "eyJlMmJmYjczMC1lY2FhLTExZTYtOGY4OC0zNDM2M2JjN2M0YzAiOnsiY3JlYXRlIjoxODAwMDAwMDAwMDAwLCJkZWxldGUiOjE4MDAwMDAwMDAwMDAsInVwZGF0ZSI6MTgwMDAwMDAwMDAwMH19",
          "dependencies": [
            "data.openstack_compute_keypair_v2.clave",
            "openstack_networking_network_v2.red_interna",
            "openstack_networking_secgroup_v2.grupo_seguridad"
          ]
        }
      ]
    },
    {
      "mode": "managed",
      "type": "openstack_compute_volume_attach_v2",
      "name": "attached",
      "provider": "provider[\"registry.terraform.io/terraform-provider-openstack/openstack\"]",
      "instances": [
        {
          "index_key": 0,
          "schema_version": 0,
          "attributes": {
            "device": "/dev/vdb",
            "id": "3606cb09-bac3-4184-acb6-01f9e1317524/aa32165c-fb4e-4d43-9142-70ac4c0ad779",
            "instance_id": "3606cb09-bac3-4184-acb6-01f9e1317524",
            "multiattach": null,
            "region": "RegionOne",
            "timeouts": null,
            "vendor_options": [],
            "volume_id": "aa32165c-fb4e-4d43-9142-70ac4c0ad779"
          },
          "sensitive_attributes": [],
          "private": "eyJlMmJmYjczMC1lY2FhLTExZTYtOGY4OC0zNDM2M2JjN2M0YzAiOnsiY3JlYXRlIjo2MDAwMDAwMDAwMDAsImRlbGV0ZSI6NjAwMDAwMDAwMDAwfX0=",
          "dependencies": [
            "openstack_blockstorage_volume_v2.volumen",
            "openstack_compute_instance_v2.srv_instancia"
          ]
        },
        {
          "index_key": 1,
          "schema_version": 0,
          "attributes": {
            "device": "/dev/vdb",
            "id": "c53563bf-a10d-401b-b695-fce6135580dc/37acd3be-0782-4cba-a3d2-def6480af35c",
            "instance_id": "c53563bf-a10d-401b-b695-fce6135580dc",
            "multiattach": null,
            "region": "RegionOne",
            "timeouts": null,
            "vendor_options": [],
            "volume_id": "37acd3be-0782-4cba-a3d2-def6480af35c"
          },
          "sensitive_attributes": [],
          "private": "eyJlMmJmYjczMC1lY2FhLTExZTYtOGY4OC0zNDM2M2JjN2M0YzAiOnsiY3JlYXRlIjo2MDAwMDAwMDAwMDAsImRlbGV0ZSI6NjAwMDAwMDAwMDAwfX0=",
          "dependencies": [
            "openstack_blockstorage_volume_v2.volumen",
            "openstack_compute_instance_v2.srv_instancia"
          ]
        },
        {
          "index_key": 2,
          "schema_version": 0,
          "attributes": {
            "device": "/dev/vdb",
            "id": "67237811-a3d5-47cd-a0c6-6eafee447263/02d065a7-4b1c-4888-8762-55928a163005",
            "instance_id": "67237811-a3d5-47cd-a0c6-6eafee447263",
            "multiattach": null,
            "region": "RegionOne",
            "timeouts": null,
            "vendor_options": [],
            "volume_id": "02d065a7-4b1c-4888-8762-55928a163005"
          },
          "sensitive_attributes": [],
          "private": "eyJlMmJmYjczMC1lY2FhLTExZTYtOGY4OC0zNDM2M2JjN2M0YzAiOnsiY3JlYXRlIjo2MDAwMDAwMDAwMDAsImRlbGV0ZSI6NjAwMDAwMDAwMDAwfX0=",
          "dependencies": [
            "openstack_blockstorage_volume_v2.volumen",
            "openstack_compute_instance_v2.srv_instancia"
          ]
        }
      ]
    },
    {
      "mode": "managed",
      "type": "openstack_networking_floatingip_v2",
      "name": "fip",
      "provider": "provider[\"registry.terraform.io/terraform-provider-openstack/openstack\"]",
      "instances": [
        {
          "index_key": 0,
          "schema_version": 0,
          "attributes": {
            "address": "172.16.0.72",
            "all_tags": [],
            "description": "",
            "dns_domain": "",
            "dns_name": "",
            "fixed_ip": "10.10.10.54",
            "id": "fa5005cd-4811-46e2-bb56-fefdb5813e63",
            "pool": "RedExterna",
            "port_id": "226e3f5d-0a2e-48ad-b549-0e9a53433177",
            "region": "RegionOne",
            "subnet_id": null,
            "tags": [],
            "tenant_id": "3bb92f9c0f8d444eac187657a3e7679c",
            "timeouts": null,
            "value_specs": null
          },
          "sensitive_attributes": [],
          "private": "eyJlMmJmYjczMC1lY2FhLTExZTYtOGY4OC0zNDM2M2JjN2M0YzAiOnsiY3JlYXRlIjo2MDAwMDAwMDAwMDAsImRlbGV0ZSI6NjAwMDAwMDAwMDAwfX0="
        },
        {
          "index_key": 1,
          "schema_version": 0,
          "attributes": {
            "address": "172.16.0.77",
            "all_tags": [],
            "description": "",
            "dns_domain": "",
            "dns_name": "",
            "fixed_ip": "10.10.10.68",
            "id": "af6d6c08-3f4e-4a7f-87b3-e5349507ce26",
            "pool": "RedExterna",
            "port_id": "c39065a0-48bf-4aa1-8f7f-506fc7d0323d",
            "region": "RegionOne",
            "subnet_id": null,
            "tags": [],
            "tenant_id": "3bb92f9c0f8d444eac187657a3e7679c",
            "timeouts": null,
            "value_specs": null
          },
          "sensitive_attributes": [],
          "private": "eyJlMmJmYjczMC1lY2FhLTExZTYtOGY4OC0zNDM2M2JjN2M0YzAiOnsiY3JlYXRlIjo2MDAwMDAwMDAwMDAsImRlbGV0ZSI6NjAwMDAwMDAwMDAwfX0="
        },
        {
          "index_key": 2,
          "schema_version": 0,
          "attributes": {
            "address": "172.16.0.74",
            "all_tags": [],
            "description": "",
            "dns_domain": "",
            "dns_name": "",
            "fixed_ip": "10.10.10.178",
            "id": "1c9656f0-5951-4fa3-b430-0e9222546511",
            "pool": "RedExterna",
            "port_id": "fd5aac5c-3f86-43be-bf2d-4fa95c4f5c28",
            "region": "RegionOne",
            "subnet_id": null,
            "tags": [],
            "tenant_id": "3bb92f9c0f8d444eac187657a3e7679c",
            "timeouts": null,
            "value_specs": null
          },
          "sensitive_attributes": [],
          "private": "eyJlMmJmYjczMC1lY2FhLTExZTYtOGY4OC0zNDM2M2JjN2M0YzAiOnsiY3JlYXRlIjo2MDAwMDAwMDAwMDAsImRlbGV0ZSI6NjAwMDAwMDAwMDAwfX0="
        }
      ]
    },
    {
      "mode": "managed",
      "type": "openstack_networking_network_v2",
      "name": "red_interna",
      "provider": "provider[\"registry.terraform.io/terraform-provider-openstack/openstack\"]",
      "instances": [
        {
          "schema_version": 0,
          "attributes": {
            "admin_state_up": true,
            "all_tags": [],
            "availability_zone_hints": [],
            "description": "",
            "dns_domain": "",
            "external": false,
            "id": "fe8e03ff-b683-4991-bbb6-211aa6545165",
            "mtu": 1450,
            "name": "Red_1",
            "port_security_enabled": true,
            "qos_policy_id": "",
            "region": "RegionOne",
            "segments": [],
            "shared": false,
            "tags": [],
            "tenant_id": "3bb92f9c0f8d444eac187657a3e7679c",
            "timeouts": null,
            "transparent_vlan": false,
            "value_specs": null
          },
          "sensitive_attributes": [],
          "private": "eyJlMmJmYjczMC1lY2FhLTExZTYtOGY4OC0zNDM2M2JjN2M0YzAiOnsiY3JlYXRlIjo2MDAwMDAwMDAwMDAsImRlbGV0ZSI6NjAwMDAwMDAwMDAwfX0="
        }
      ]
    },
    {
      "mode": "managed",
      "type": "openstack_networking_router_interface_v2",
      "name": "router_interface",
      "provider": "provider[\"registry.terraform.io/terraform-provider-openstack/openstack\"]",
      "instances": [
        {
          "schema_version": 0,
          "attributes": {
            "id": "50ad24fb-0fa2-49ae-931b-9691a3696283",
            "port_id": "50ad24fb-0fa2-49ae-931b-9691a3696283",
            "region": "RegionOne",
            "router_id": "f8c7b029-58f0-4575-973f-b263d190951a",
            "subnet_id": "6011a990-31ae-49ec-a163-720095c1187e",
            "timeouts": null
          },
          "sensitive_attributes": [],
          "private": "eyJlMmJmYjczMC1lY2FhLTExZTYtOGY4OC0zNDM2M2JjN2M0YzAiOnsiY3JlYXRlIjo2MDAwMDAwMDAwMDAsImRlbGV0ZSI6NjAwMDAwMDAwMDAwfX0=",
          "dependencies": [
            "openstack_networking_network_v2.red_interna",
            "openstack_networking_router_v2.router_1",
            "openstack_networking_subnet_v2.sub_red"
          ]
        }
      ]
    },
    {
      "mode": "managed",
      "type": "openstack_networking_router_v2",
      "name": "router_1",
      "provider": "provider[\"registry.terraform.io/terraform-provider-openstack/openstack\"]",
      "instances": [
        {
          "schema_version": 0,
          "attributes": {
            "admin_state_up": true,
            "all_tags": [],
            "availability_zone_hints": [],
            "description": "",
            "distributed": false,
            "enable_snat": true,
            "external_fixed_ip": [
              {
                "ip_address": "172.16.0.61",
                "subnet_id": "5cffb55d-f76b-442f-8dfd-35c00ae4765b"
              }
            ],
            "external_gateway": "16168b9c-c8cb-4d10-9ab8-43a91aaa556b",
            "external_network_id": "16168b9c-c8cb-4d10-9ab8-43a91aaa556b",
            "id": "f8c7b029-58f0-4575-973f-b263d190951a",
            "name": "router_1",
            "region": "RegionOne",
            "tags": [],
            "tenant_id": "3bb92f9c0f8d444eac187657a3e7679c",
            "timeouts": null,
            "value_specs": null,
            "vendor_options": []
          },
          "sensitive_attributes": [],
          "private": "eyJlMmJmYjczMC1lY2FhLTExZTYtOGY4OC0zNDM2M2JjN2M0YzAiOnsiY3JlYXRlIjo2MDAwMDAwMDAwMDAsImRlbGV0ZSI6NjAwMDAwMDAwMDAwfX0="
        }
      ]
    },
    {
      "mode": "managed",
      "type": "openstack_networking_secgroup_rule_v2",
      "name": "puerto_22",
      "provider": "provider[\"registry.terraform.io/terraform-provider-openstack/openstack\"]",
      "instances": [
        {
          "schema_version": 0,
          "attributes": {
            "description": "",
            "direction": "ingress",
            "ethertype": "IPv4",
            "id": "98c74375-2303-4944-a535-8fb770b3ac22",
            "port_range_max": 22,
            "port_range_min": 22,
            "protocol": "tcp",
            "region": "RegionOne",
            "remote_group_id": "",
            "remote_ip_prefix": "0.0.0.0/0",
            "security_group_id": "1155608a-733f-4b0c-b79d-3a83916a546b",
            "tenant_id": "3bb92f9c0f8d444eac187657a3e7679c",
            "timeouts": null
          },
          "sensitive_attributes": [],
          "private": "eyJlMmJmYjczMC1lY2FhLTExZTYtOGY4OC0zNDM2M2JjN2M0YzAiOnsiZGVsZXRlIjo2MDAwMDAwMDAwMDB9fQ==",
          "dependencies": [
            "openstack_networking_secgroup_v2.grupo_seguridad"
          ]
        }
      ]
    },
    {
      "mode": "managed",
      "type": "openstack_networking_secgroup_rule_v2",
      "name": "puerto_80",
      "provider": "provider[\"registry.terraform.io/terraform-provider-openstack/openstack\"]",
      "instances": [
        {
          "schema_version": 0,
          "attributes": {
            "description": "",
            "direction": "ingress",
            "ethertype": "IPv4",
            "id": "bde4397f-b244-4d42-8a2f-a704acbe1692",
            "port_range_max": 80,
            "port_range_min": 80,
            "protocol": "tcp",
            "region": "RegionOne",
            "remote_group_id": "",
            "remote_ip_prefix": "0.0.0.0/0",
            "security_group_id": "1155608a-733f-4b0c-b79d-3a83916a546b",
            "tenant_id": "3bb92f9c0f8d444eac187657a3e7679c",
            "timeouts": null
          },
          "sensitive_attributes": [],
          "private": "eyJlMmJmYjczMC1lY2FhLTExZTYtOGY4OC0zNDM2M2JjN2M0YzAiOnsiZGVsZXRlIjo2MDAwMDAwMDAwMDB9fQ==",
          "dependencies": [
            "openstack_networking_secgroup_v2.grupo_seguridad"
          ]
        }
      ]
    },
    {
      "mode": "managed",
      "type": "openstack_networking_secgroup_rule_v2",
      "name": "puerto_icmp",
      "provider": "provider[\"registry.terraform.io/terraform-provider-openstack/openstack\"]",
      "instances": [
        {
          "schema_version": 0,
          "attributes": {
            "description": "",
            "direction": "ingress",
            "ethertype": "IPv4",
            "id": "f2c659e5-577f-4b5c-92ae-cffe3efd01e2",
            "port_range_max": 0,
            "port_range_min": 0,
            "protocol": "icmp",
            "region": "RegionOne",
            "remote_group_id": "",
            "remote_ip_prefix": "0.0.0.0/0",
            "security_group_id": "1155608a-733f-4b0c-b79d-3a83916a546b",
            "tenant_id": "3bb92f9c0f8d444eac187657a3e7679c",
            "timeouts": null
          },
          "sensitive_attributes": [],
          "private": "eyJlMmJmYjczMC1lY2FhLTExZTYtOGY4OC0zNDM2M2JjN2M0YzAiOnsiZGVsZXRlIjo2MDAwMDAwMDAwMDB9fQ==",
          "dependencies": [
            "openstack_networking_secgroup_v2.grupo_seguridad"
          ]
        }
      ]
    },
    {
      "mode": "managed",
      "type": "openstack_networking_secgroup_v2",
      "name": "grupo_seguridad",
      "provider": "provider[\"registry.terraform.io/terraform-provider-openstack/openstack\"]",
      "instances": [
        {
          "schema_version": 0,
          "attributes": {
            "all_tags": [],
            "delete_default_rules": null,
            "description": "Grupo de seguridad para servidodr web.",
            "id": "1155608a-733f-4b0c-b79d-3a83916a546b",
            "name": "puertosWeb",
            "region": "RegionOne",
            "tags": [],
            "tenant_id": "3bb92f9c0f8d444eac187657a3e7679c",
            "timeouts": null
          },
          "sensitive_attributes": [],
          "private": "eyJlMmJmYjczMC1lY2FhLTExZTYtOGY4OC0zNDM2M2JjN2M0YzAiOnsiZGVsZXRlIjo2MDAwMDAwMDAwMDB9fQ=="
        }
      ]
    },
    {
      "mode": "managed",
      "type": "openstack_networking_subnet_v2",
      "name": "sub_red",
      "provider": "provider[\"registry.terraform.io/terraform-provider-openstack/openstack\"]",
      "instances": [
        {
          "schema_version": 0,
          "attributes": {
            "all_tags": [],
            "allocation_pool": [
              {
                "end": "10.10.10.254",
                "start": "10.10.10.2"
              }
            ],
            "allocation_pools": [
              {
                "end": "10.10.10.254",
                "start": "10.10.10.2"
              }
            ],
            "cidr": "10.10.10.0/24",
            "description": "",
            "dns_nameservers": [
              "8.8.8.8",
              "8.8.4.4"
            ],
            "enable_dhcp": true,
            "gateway_ip": "10.10.10.1",
            "host_routes": [],
            "id": "6011a990-31ae-49ec-a163-720095c1187e",
            "ip_version": 4,
            "ipv6_address_mode": "",
            "ipv6_ra_mode": "",
            "name": "RedSub_1",
            "network_id": "fe8e03ff-b683-4991-bbb6-211aa6545165",
            "no_gateway": false,
            "prefix_length": null,
            "region": "RegionOne",
            "subnetpool_id": "",
            "tags": [],
            "tenant_id": "3bb92f9c0f8d444eac187657a3e7679c",
            "timeouts": null,
            "value_specs": null
          },
          "sensitive_attributes": [],
          "private": "eyJlMmJmYjczMC1lY2FhLTExZTYtOGY4OC0zNDM2M2JjN2M0YzAiOnsiY3JlYXRlIjo2MDAwMDAwMDAwMDAsImRlbGV0ZSI6NjAwMDAwMDAwMDAwfX0=",
          "dependencies": [
            "openstack_networking_network_v2.red_interna"
          ]
        }
      ]
    }
  ]
}
